
Microsoft Visual Studio Solution File, Format Version 12.00
# Visual Studio Version 17
VisualStudioVersion = 17.14.36414.22 d17.14
MinimumVisualStudioVersion = 10.0.40219.1
Project("{FAE04EC0-301F-11D3-BF4B-00C04F79EFBC}") = "W3_EcoKoin", "W3_EcoKoin.csproj", "{2BBC7DD4-507E-45BD-93D2-9DCE3926CEE2}"
EndProject
Global
	GlobalSection(SolutionConfigurationPlatforms) = preSolution
		Debug|Any CPU = Debug|Any CPU
		Release|Any CPU = Release|Any CPU
	EndGlobalSection
	GlobalSection(ProjectConfigurationPlatforms) = postSolution
		{2BBC7DD4-507E-45BD-93D2-9DCE3926CEE2}.Debug|Any CPU.ActiveCfg = Debug|Any CPU
		{2BBC7DD4-507E-45BD-93D2-9DCE3926CEE2}.Debug|Any CPU.Build.0 = Debug|Any CPU
		{2BBC7DD4-507E-45BD-93D2-9DCE3926CEE2}.Release|Any CPU.ActiveCfg = Release|Any CPU
		{2BBC7DD4-507E-45BD-93D2-9DCE3926CEE2}.Release|Any CPU.Build.0 = Release|Any CPU
	EndGlobalSection
	GlobalSection(SolutionProperties) = preSolution
		HideSolutionNode = FALSE
	EndGlobalSection
	GlobalSection(ExtensibilityGlobals) = postSolution
		SolutionGuid = {81FA62A8-B1C1-4455-AA15-13B2A7EEFF39}
	EndGlobalSection
EndGlobal
